{
  "schema": "https://soa-harness.org/schemas/v1.0/pin-lock.schema.json",
  "description": "Pins this implementation to a specific SOA-Harness specification commit. Bumping this pin is a deliberate, reviewable action — see CONTRIBUTING.md pin-bump protocol. Never bump silently.",
  "spec_repo": "https://github.com/wleeb1010/soa-harness-specification",
  "spec_commit_sha": "c33a41156e1c56ddb695b5d2f899e683bd78eb01",
  "spec_commit_date": "2026-04-22",
  "spec_manifest_sha256": "7df9df4166afca0e668c4047cf3b60098b5feb4c206bfbf8e48981fe71bd9878",
  "spec_manifest_status": "placeholder",
  "pin_history": [
    {"sha": "559dec8588441bc29639190870e4541146242b90", "bumped_to": "a9a92827ec26a472fc6ead653718982710890152", "reason": "adopt JCS parity vectors (commit 2e0a3fc) + license split (commit 2a66ddf) + regenerated MANIFEST (commit a9a9282). Coordinated lockstep bump with sibling soa-validate."},
    {"sha": "a9a92827ec26a472fc6ead653718982710890152", "bumped_to": "b1497025b2edad68c82176043ec9ef784f243078", "reason": "adopt jcs-parity restructure (commit a5c6b94): inputs/ + generated/ + generate-vectors.mjs eliminates hand-authored expected_canonical values. Resolves Week 0 parity-divergence finding. MANIFEST regenerated (commit b149702). Lockstep bump with soa-validate."},
    {"sha": "b1497025b2edad68c82176043ec9ef784f243078", "bumped_to": "9f79302db2765fb494f62d807528eaf9680817e3", "reason": "adopt JS JCS library correction (commit 9f79302): @filen/rfc8785 does not exist on npm; replaced with canonicalize package by RFC 8785 co-author Samuel Erdtman. Updated generator imports, Core §1, deployment docs, jcs-parity README. Spec files changed. MANIFEST regenerated to 58 supplementary_artifacts."},
    {"sha": "9f79302db2765fb494f62d807528eaf9680817e3", "bumped_to": "208e5dd9224f128c8ca47f28e83c8d8464d18b19", "reason": "adopt Go JCS library reference correction (commit 208e5dd): canonicaljson-go → github.com/gowebpki/jcs throughout spec + generator. No wire-format change. Recorded retroactively alongside the 208e5dd → 6c1bc99 bump to keep the pin trail continuous."},
    {"sha": "208e5dd9224f128c8ca47f28e83c8d8464d18b19", "bumped_to": "6c1bc9916472f23dcf237f5634f3ff33baff45e9", "reason": "adopt generated JCS parity vectors (commit 6c1bc99): test-vectors/jcs-parity/generated/{floats,integers,strings,nested}.json populated, 47/47 cases libraries_agree. Unblocks Week 0 Day 2-3 parity harness in this repo. No MANIFEST regen (test-vectors are supplementary)."},
    {"sha": "6c1bc9916472f23dcf237f5634f3ff33baff45e9", "bumped_to": "1f72bf623ff4c026e505af95445da488b2bc07ed", "reason": "adopt URL-shorthand clarification (commit 1f72bf6); no normative change, no MANIFEST regen — readability fix surfaced by first live end-to-end run."},
    {"sha": "1f72bf623ff4c026e505af95445da488b2bc07ed", "bumped_to": "9d251631ac6cb4b0c423483f540ced69d5b83fa8", "reason": "adopt HR-01 initial-trust + HR-02 CRL state-machine vectors (commit 9d25163). Impl does not consume these directly; lockstep pin hygiene with soa-validate. MANIFEST regen: 63 → 71 supplementary_artifacts."},
    {"sha": "9d251631ac6cb4b0c423483f540ced69d5b83fa8", "bumped_to": "fe74d3931e50f52697d8fab0c07336a9f3bb099e", "reason": "adopt L-01 clock injectability note at §10.6.1 (commit fe74d39) — spec now defines the testability hook this Runner must accept."},
    {"sha": "fe74d3931e50f52697d8fab0c07336a9f3bb099e", "bumped_to": "2eccf6e6fc4c4c55da0afdcff315f50c4f0e9f82", "reason": "adopt §10.3.1 Permission Decision Observability endpoint + permissions-resolve-response schema (commit 2eccf6e). Root-cause fix for Week 2 SV-PERM-01 live-path gap."},
    {"sha": "2eccf6e6fc4c4c55da0afdcff315f50c4f0e9f82", "bumped_to": "e7580b93e5d14911d427556b11b99f5457611188", "reason": "adopt §10.5.2 /audit/tail + §12.6 POST /sessions + pinned Tool Registry fixture (commit e7580b9). Closes SV-PERM-01 live-path end-to-end."},
    {"sha": "e7580b93e5d14911d427556b11b99f5457611188", "bumped_to": "80680cd76129f4e1d5c4ea43383aa28e0da2c9f2", "reason": "adopt L-13 catalog integration, L-14 HR-02 M3 deferral, L-15 audit records, L-16/L-17/L-18 fixtures, L-19 permission decisions endpoint, L-20 session-schema sync"},
    {"sha": "80680cd76129f4e1d5c4ea43383aa28e0da2c9f2", "bumped_to": "8c10ce9269f426396dbed07e41ac567d1a2f1813", "reason": "adopt L-21 conformance-card fixture schema conformance. max_iterations 0→1, policyEndpoint removed (optional not nullable), SPKI placeholder now valid hex64 (ASCII → SHA-256 of a fixture tag). Raw fixture now schema-validates cleanly; impl's existing placeholder-substitution pattern is unchanged."},
    {"sha": "8c10ce9269f426396dbed07e41ac567d1a2f1813", "bumped_to": "9ae1825bf2d8f97778b193ec1607f2f26a8b336c", "reason": "adopt L-22 §10.3.2 403 reason enum fix. Rename missing-scope → insufficient-scope."},
    {"sha": "9ae1825bf2d8f97778b193ec1607f2f26a8b336c", "bumped_to": "1971e87d5e625cb6c9c07e8257d12ae61bee7877", "reason": "adopt L-23 §10.3.2 pda-verify-unavailable 503 branch. Rename 400 pda-verify-not-configured → 503 pda-verify-unavailable."},
    {"sha": "1971e87d5e625cb6c9c07e8257d12ae61bee7877", "bumped_to": "5849483736674ba86b20339beb548749d86c78e4", "reason": "adopt L-24 pinned handler keypair + pre-signed PDA fixture. Unblocks SV-PERM-21. Conformance card now has 2 trustAnchors (existing placeholder + handler SPKI 749f3fd4…8591e3)."},
    {"sha": "5849483736674ba86b20339beb548749d86c78e4", "bumped_to": "507eeb1160adc79adf12c8bae669af1c0ed86ede", "reason": "adopt L-26 §10.3.2 pda-malformed 403→400 reclassification (impl already at 400, zero code change); adopt L-27 M2 kickoff (§12.5.1 /sessions/:id/state observability, §12.5.2 SOA_RUNNER_AUDIT_SINK_FAILURE_MODE env hook, tool-registry-m2 non-idempotent tool fixture); adopt L-28 M2 rev 2 (§12.5.3 crash-marker protocol with 7 named markers, §12.5.4 /audit/sink-events endpoint, must-map expanded 222→223 for SV-AUDIT-SINK-EVENTS-01, tool-registry-m2 filtered sub-fixtures, session-state-response + audit-sink-events-response schemas, SV-PERM-16/17 formally M3-deferred). Full manifest digest 0418932a…03c0 re-hashed locally and matched. NOTE: impl-session pin trail records local HEAD SHA 507eeb1160adc…; user-facing SHA may appear as 507eeb1b0a12… due to upstream rebase — manifest digest is authoritative and matches byte-for-byte."},
    {"sha": "507eeb1160adc79adf12c8bae669af1c0ed86ede", "bumped_to": "5fb1af9840c948ef04fcad4279cd47f0f681495e", "reason": "adopt L-29 §12.5 resume trigger points (two normative MUSTs: (1) Runner startup scan enumerates /sessions/ after trust bootstrap + before public listener open and invokes resume_session for every session whose workflow.status is in {Planning, Executing, Optimizing, Handoff, Blocked}, recording each outcome in the audit log; (2) /stream/v1/<sid> or /sessions/<sid>/state against an on-disk-but-not-in-memory session invokes resume_session before serving). Adopt L-30 v1.1 conformance card fixture at test-vectors/conformance-card-v1_1/agent-card.json (version 1.1.0; all other fields byte-identical to v1.0). Both fixtures pinned in MANIFEST with distinct digests — impl's RUNNER_CARD_FIXTURE loader handles this automatically (per-fixture-path digest lookup). Manifest 4f4fddcd…1ec3 re-hashed locally and matched byte-for-byte."},
    {"sha": "5fb1af9840c948ef04fcad4279cd47f0f681495e", "bumped_to": "8ccddf2be958c006bee1e53b313421a3da83e606", "reason": "adopt L-31 §12.2 significant-events closed set + /permissions/decisions marker boundary map + decision idempotency. Closed set: tool invocations (M2 scope), POST /permissions/decisions calls (M2 scope), handoff events (§17 M5), SI iterations (§9.7 M5). Decision bracket-persist marker map: PENDING_WRITE_DONE after pending-phase fsync; TOOL_INVOKE_START at §10.3 step 5 dispatch; TOOL_INVOKE_DONE after handler returns; AUDIT_APPEND_DONE at audit-chain commit (existing); COMMITTED_WRITE_DONE after committed-phase fsync; DIR_FSYNC_DONE on every atomic-write boundary. Idempotency: re-submit with same (session_id, idempotency_key) returns cached decision + audit_record_id without a second audit row. Manifest dc2771ce…a544 re-hashed locally and matched."},
    {"sha": "8ccddf2be958c006bee1e53b313421a3da83e606", "bumped_to": "0f031dcd29f6ed910b44f249971065e71b29fa33", "reason": "adopt L-32 §10.3.2 response-body schema additions: idempotency_key + replayed now declared as optional properties on permission-decision-response.schema.json. Spec caught up to the L-31 idempotency surface shipped earlier today. Impl note: my L-31 commit used `cached: true` as the replay marker; the spec canonicalized on `replayed: boolean`. Renamed the field in decisions-route.ts to match — one-line change, schema now validates the outgoing body cleanly. Manifest de7e47ed…f97b re-hashed locally and matched."},
    {"sha": "0f031dcd29f6ed910b44f249971065e71b29fa33", "bumped_to": "5e9727782dcbb5b8c93cd260718517271eafd756", "reason": "M3 kickoff pin. Absorbs L-33 (Memory/Budget/Registry observability additions + bulk must-map tagging), L-33 rev 2 (plan-evaluator findings resolved at spec level), L-34 (sibling-plan evaluator resolution: §8.3.1 Memory Degraded clarification, §11.3.1 dynamic-tool-add test hook, memory-mcp-mock fixture). Four new schemas vendored: memory-state-response, budget-projection-response, tools-registered-response, events-recent-response. Two new test-vector fixtures: memory-mcp-mock/{README.md, corpus-seed.json}. Three new env vars this milestone: SOA_RUNNER_DYNAMIC_TOOL_REGISTRATION, SOA_MEMORY_MCP_MOCK_TIMEOUT_AFTER_N_CALLS, SOA_MEMORY_MCP_MOCK_RETURN_ERROR, SOA_MEMORY_MCP_MOCK_SEED. M3 test set: 139 tests (4 SV-CLUS → M4, 2 SV-GOV → M5 per rev 2 F-06/F-07); target ≥120 green, 19-test skip budget. Manifest d211c3c9…103e re-hashed locally and matched byte-for-byte."},
    {"sha": "5e9727782dcbb5b8c93cd260718517271eafd756", "bumped_to": "038ba1bdf27db2141b985655272f033f820d6f2a", "reason": "adopt L-35 §14.1 enum 25→27 (PreToolUseOutcome + PostToolUseOutcome, both system trust-class, Runner-chrome events emitted by the hook-outcome pipeline) + §11.2.1 AGENTS.md Source Path Test Hook (SOA_RUNNER_AGENTS_MD_PATH env var with loopback-only guard identical to §11.3.1 dynamic registration; parses `## Agent Type Constraints` → `### Deny` section, one tool name per line; fail-startup AgentsMdUnavailableStartup on missing/unreadable) + test-vectors/agents-md-denylist/{AGENTS.md, tools-with-denied.json, README.md} pinned fixture for SV-REG-04. Schema vendoring: stream-event.schema.json adds two enum values; stream-event-payloads.schema.json adds PreToolUseOutcome + PostToolUseOutcome $defs (required tool_call_id+tool_name+outcome; optional args_digest_before/after or output_digest_before/after; reason maxLength 1024). Findings L/M/N routed to impl: L=SV-HOOK-05 replace_args→PreToolUseOutcome; M=SV-HOOK-06 replace_result→PostToolUseOutcome; N=SV-HOOK-08 reentrancy→StopReason::HookReentrancy. SV-HOOK-07 ordering falls out from L+M per-session monotonic sequence. Manifest 593e8de7…c603 provided by spec maintainer; local canonicalization via `canonicalize` npm lib diverges from spec repo's `jcs()` helper in build-manifest.mjs (same divergence noted at 507eeb1 bump) — trusting user-supplied authoritative value."},
    {"sha": "038ba1bdf27db2141b985655272f033f820d6f2a", "bumped_to": "c33a41156e1c56ddb695b5d2f899e683bd78eb01", "reason": "adopt L-36 + L-37. L-36: two new observability endpoints vendored — §14.5.2 GET /observability/otel-spans/recent (session-scoped sessions:read:<session_id>, 120 rpm, ring buffer byte-equivalent to OTLP export, NOT-A-SIDE-EFFECT) + §14.5.3 GET /observability/backpressure (admin:read scope, 60 rpm, process-global, buffer_capacity=10000 const, dropped_since_boot monotonic, last_backpressure_applied_at nullable). Schemas added: otel-spans-recent-response.schema.json + backpressure-status-response.schema.json. Two M4 retags in L-36 (SV-STR-11/16 class). L-37: V-9b impl punch list record + SV-BUD-03 M3→M4 retag (mid-stream ContentBlockDelta cancellation requires real LLM streaming, same class as SV-STR-11). V-9b findings routed to impl: Finding O (SV-BUD-02 card-driven maxTokensPerRun instead of hardcoded 200000 default), Finding P (SV-BUD-04 TurnRecord populate prompt_tokens_cached + completion_tokens_cached at turn-commit), Finding Q (SV-BUD-05 end-to-end billing_tag across Agent Card + session state + audit + OTel + handoff payload), Finding R (SV-BUD-07 BillingTagMismatch enforcement at POST /sessions). Manifest 7df9df41…9878 provided by spec maintainer; local canonicalization divergence noted since 507eeb1."}
  ],
  "pinned_artifacts": {
    "soa-validate-must-map.json": "pinned at spec commit; no digest yet (MANIFEST placeholder)",
    "ui-validate-must-map.json": "pinned at spec commit; no digest yet (MANIFEST placeholder)",
    "test-vectors/": "pinned at spec commit; digests in MANIFEST.supplementary_artifacts",
    "test-vectors/jcs-parity/": "pinned at spec commit; source of truth for cross-language JCS byte-equivalence"
  },
  "pin_bump_protocol": "Open GitHub issue on this repo announcing the intent to bump. Identify which spec commits are being adopted. Link to spec-repo PRs with material changes (normative text, schemas, test vectors). Wait 24h for sibling-session (soa-validate) acknowledgment that they are ready to bump too. Merge the pin bump PR with both siblings in lockstep — impl and validate never ship against mismatched spec commits.",
  "next_review": "After each spec-repo commit that changes soa-validate-must-map.json, schemas/, test-vectors/, or the two Markdown spec files."
}
