{
  "schema": "https://soa-harness.org/schemas/v1.0/pin-lock.schema.json",
  "description": "Pins this implementation to a specific SOA-Harness specification commit. Bumping this pin is a deliberate, reviewable action — see CONTRIBUTING.md pin-bump protocol. Never bump silently.",
  "spec_repo": "https://github.com/wleeb1010/soa-harness-specification",
  "spec_commit_sha": "208e5dd9224f128c8ca47f28e83c8d8464d18b19",
  "spec_commit_date": "2026-04-20",
  "spec_manifest_sha256": "86590f565801ebf33b2820a8d86496eaee2b97e20076deaf44985020eae1d535",
  "spec_manifest_status": "placeholder",
  "pin_history": [
    {"sha": "559dec8588441bc29639190870e4541146242b90", "bumped_to": "a9a92827ec26a472fc6ead653718982710890152", "reason": "adopt JCS parity vectors (commit 2e0a3fc) + license split (commit 2a66ddf) + regenerated MANIFEST (commit a9a9282). Coordinated lockstep bump with sibling soa-validate."},
    {"sha": "a9a92827ec26a472fc6ead653718982710890152", "bumped_to": "b1497025b2edad68c82176043ec9ef784f243078", "reason": "adopt jcs-parity restructure (commit a5c6b94): inputs/ + generated/ + generate-vectors.mjs eliminates hand-authored expected_canonical values. Resolves Week 0 parity-divergence finding. MANIFEST regenerated (commit b149702). Lockstep bump with soa-validate."},
    {"sha": "b1497025b2edad68c82176043ec9ef784f243078", "bumped_to": "9f79302db2765fb494f62d807528eaf9680817e3", "reason": "adopt JS JCS library correction (commit 9f79302): @filen/rfc8785 does not exist on npm; replaced with canonicalize package by RFC 8785 co-author Samuel Erdtman. Updated generator imports, Core §1, deployment docs, jcs-parity README. Spec files changed. MANIFEST regenerated to 58 supplementary_artifacts."}
  ],
  "pinned_artifacts": {
    "soa-validate-must-map.json": "pinned at spec commit; no digest yet (MANIFEST placeholder)",
    "ui-validate-must-map.json": "pinned at spec commit; no digest yet (MANIFEST placeholder)",
    "test-vectors/": "pinned at spec commit; digests in MANIFEST.supplementary_artifacts",
    "test-vectors/jcs-parity/": "pinned at spec commit; source of truth for cross-language JCS byte-equivalence"
  },
  "pin_bump_protocol": "Open GitHub issue on this repo announcing the intent to bump. Identify which spec commits are being adopted. Link to spec-repo PRs with material changes (normative text, schemas, test vectors). Wait 24h for sibling-session (soa-validate) acknowledgment that they are ready to bump too. Merge the pin bump PR with both siblings in lockstep — impl and validate never ship against mismatched spec commits.",
  "next_review": "After each spec-repo commit that changes soa-validate-must-map.json, schemas/, test-vectors/, or the two Markdown spec files."
}
